
Microsoft Visual Studio Solution File, Format Version 12.00
# Visual Studio 14
VisualStudioVersion = 14.0.25420.1
MinimumVisualStudioVersion = 10.0.40219.1
Project("{FAE04EC0-301F-11D3-BF4B-00C04F79EFBC}") = "CygSoft.CodeCat.Domain", "Components\CygSoft.CodeCat.Domain\CygSoft.CodeCat.Domain.csproj", "{7A97514D-BB47-49AA-8785-260F355D6F96}"
EndProject
Project("{2150E333-8FDC-42A3-9474-1A3956D46DE8}") = "Solution Items", "Solution Items", "{7D7A9485-DD0E-48D1-9041-734EB15E3AFA}"
EndProject
Project("{FAE04EC0-301F-11D3-BF4B-00C04F79EFBC}") = "CygSoft.CodeCat.Search.KeywordIndex", "Components\CygSoft.CodeCat.SearchIndex\CygSoft.CodeCat.Search.KeywordIndex.csproj", "{A75E419A-7DF9-466E-8F5A-351310672CE6}"
EndProject
Project("{FAE04EC0-301F-11D3-BF4B-00C04F79EFBC}") = "CygSoft.CodeCat.Infrastructure", "Components\CygSoft.CodeCat.Infrastructure\CygSoft.CodeCat.Infrastructure.csproj", "{8C992A57-BCBF-4B78-9F69-C88A30E39963}"
EndProject
Project("{FAE04EC0-301F-11D3-BF4B-00C04F79EFBC}") = "CygSoft.CodeCat.UI.WinForms", "UI\WinForms\CygSoft.CodeCat.UI.WinForms\CygSoft.CodeCat.UI.WinForms.csproj", "{4FDD2CB6-3FFE-458B-A186-2C57375F4AC0}"
EndProject
Project("{FAE04EC0-301F-11D3-BF4B-00C04F79EFBC}") = "CygSoft.CodeCat.ProjectConverter", "Components\CygSoft.CodeCat.ProjectConverter\CygSoft.CodeCat.ProjectConverter.csproj", "{C908F626-1812-4119-B551-E14840100203}"
EndProject
Project("{FAE04EC0-301F-11D3-BF4B-00C04F79EFBC}") = "Etier.IconHelper", "Components\Etier.IconHelper\Etier.IconHelper.csproj", "{44368ACC-95E7-4BE0-ADE4-ABB8AAE9B9D0}"
EndProject
Project("{FAE04EC0-301F-11D3-BF4B-00C04F79EFBC}") = "CygSoft.CodeCat.Search.KeywordIndex.Infrastructure", "Components\CygSoft.CodeCat.Infrastructure.Search.KeywordIndex\CygSoft.CodeCat.Search.KeywordIndex.Infrastructure.csproj", "{9D7E248A-E4EF-42DE-A624-9F18D827BA42}"
EndProject
Project("{FAE04EC0-301F-11D3-BF4B-00C04F79EFBC}") = "CygSoft.CodeCat.DocumentManager", "Components\CygSoft.CodeCat.DocumentManager\CygSoft.CodeCat.DocumentManager.csproj", "{D3C89AA0-FD50-4D0E-9492-15EFD952958A}"
EndProject
Project("{FAE04EC0-301F-11D3-BF4B-00C04F79EFBC}") = "CygSoft.CodeCat.DocumentManager.Infrastructure", "Components\CygSoft.CodeCat.DocumentManager.Infrastructure\CygSoft.CodeCat.DocumentManager.Infrastructure.csproj", "{70BA46BA-7055-4E29-96A1-725A30B00B61}"
EndProject
Project("{FAE04EC0-301F-11D3-BF4B-00C04F79EFBC}") = "CygSoft.CodeCat.UI.ProjectExporter", "UI\WinForms\CygSoft.CodeCat.UI.ProjectExporter\CygSoft.CodeCat.UI.ProjectExporter.csproj", "{50A711A2-3C3C-4E2B-8BE6-466CE4AC6172}"
EndProject
Project("{2150E333-8FDC-42A3-9474-1A3956D46DE8}") = "UnitTests", "UnitTests", "{A78E1C5A-3EC8-40B0-9CAA-ADFE337FF541}"
EndProject
Project("{FAE04EC0-301F-11D3-BF4B-00C04F79EFBC}") = "Search.KeywordIndex.UnitTests", "UnitTests\Search.KeywordIndex.UnitTests\Search.KeywordIndex.UnitTests.csproj", "{1A197477-07A4-4D30-9954-6EBEBD74B80A}"
EndProject
Project("{FAE04EC0-301F-11D3-BF4B-00C04F79EFBC}") = "DocumentManager.UnitTests", "UnitTests\DocumentManager.UnitTests\DocumentManager.UnitTests.csproj", "{A6FDE996-91F8-4B8A-8285-E936CEB514A8}"
EndProject
Project("{FAE04EC0-301F-11D3-BF4B-00C04F79EFBC}") = "Domain.UnitTests", "UnitTests\Domain.UnitTests\Domain.UnitTests.csproj", "{85779F58-8D0F-4513-964B-33FA767D26E9}"
EndProject
Project("{FAE04EC0-301F-11D3-BF4B-00C04F79EFBC}") = "CygSoft.CodeCat.Qik.LanguageEngine", "Components\CygSoft.CodeCat.Qik.LanguageEngine\CygSoft.CodeCat.Qik.LanguageEngine.csproj", "{FADE2BF1-6916-457C-9B0C-442227C59E62}"
EndProject
Project("{FAE04EC0-301F-11D3-BF4B-00C04F79EFBC}") = "CygSoft.CodeCat.Qik.LanguageEngine.Infrastructure", "Components\CygSoft.CodeCat.Qik.LanguageEngine.Infrastructure\CygSoft.CodeCat.Qik.LanguageEngine.Infrastructure.csproj", "{E73234B4-5BFA-40AD-B1FD-A35226CA0BB4}"
EndProject
Project("{2150E333-8FDC-42A3-9474-1A3956D46DE8}") = "IntegrationTests", "IntegrationTests", "{7668CAC5-9C55-4AD7-B9B7-13959A294089}"
EndProject
Project("{FAE04EC0-301F-11D3-BF4B-00C04F79EFBC}") = "Qik.LanguageEngine.IntegrationTests", "IntegrationTests\Qik.LanguageEngine.IntegrationTests\Qik.LanguageEngine.IntegrationTests.csproj", "{9FFC7814-DCEF-4723-9E4B-6B1154488E1B}"
EndProject
Project("{FAE04EC0-301F-11D3-BF4B-00C04F79EFBC}") = "Qik.LanguageEngine.UnitTests", "UnitTests\Qik.LanguageEngine.UnitTests\Qik.LanguageEngine.UnitTests.csproj", "{55960733-F2BB-4E2B-A97B-92E4DD529BE1}"
EndProject
Project("{2150E333-8FDC-42A3-9474-1A3956D46DE8}") = "GuiTests", "GuiTests", "{6D1C0340-24E8-421C-8002-14A99EB4EF01}"
EndProject
Project("{FAE04EC0-301F-11D3-BF4B-00C04F79EFBC}") = "Qik.LanguageEngine.WinFormsUI", "GuiTests\Qik.LanguageEngine.WinFormsUI\Qik.LanguageEngine.WinFormsUI.csproj", "{86A9F2C4-B07C-4045-AA88-80AAEDD5C5AC}"
EndProject
Project("{FAE04EC0-301F-11D3-BF4B-00C04F79EFBC}") = "UI.WinForms.UnitTests", "UnitTests\UI.WinForms.UnitTests\UI.WinForms.UnitTests.csproj", "{C538C066-2DA4-46C2-9E0B-0973B8711A1B}"
EndProject
Project("{FAE04EC0-301F-11D3-BF4B-00C04F79EFBC}") = "CygSoft.CodeCat.TaskListing", "Components\CygSoft.CodeCat.TaskListing\CygSoft.CodeCat.TaskListing.csproj", "{B89FFBD2-FBB3-40C2-BA43-CC793AC4F841}"
EndProject
Project("{FAE04EC0-301F-11D3-BF4B-00C04F79EFBC}") = "CygSoft.CodeCat.TaskListing.Infrastructure", "Components\CygSoft.CodeCat.TaskListing.Infrastructure\CygSoft.CodeCat.TaskListing.Infrastructure.csproj", "{399DA6B8-255D-40D4-8BE6-E96B0870C664}"
EndProject
Project("{FAE04EC0-301F-11D3-BF4B-00C04F79EFBC}") = "CygSoft.CodeCat.Syntax", "Components\CygSoft.CodeCat.Syntax\CygSoft.CodeCat.Syntax.csproj", "{EBE3C549-DBDD-4D42-9A59-D0E529041ACE}"
EndProject
Project("{FAE04EC0-301F-11D3-BF4B-00C04F79EFBC}") = "CygSoft.CodeCat.Category", "Components\CygSoft.CodeCat.Category\CygSoft.CodeCat.Category.csproj", "{99C7DCC9-3B35-4CA5-98E7-9BBE72021634}"
EndProject
Project("{FAE04EC0-301F-11D3-BF4B-00C04F79EFBC}") = "CygSoft.CodeCat.Category.Infrastructure", "Components\CygSoft.CodeCat.Category.Infrastructure\CygSoft.CodeCat.Category.Infrastructure.csproj", "{87A58FDC-D07C-4CC8-B553-2214D5AF00C1}"
EndProject
Project("{FAE04EC0-301F-11D3-BF4B-00C04F79EFBC}") = "Category.UnitTests", "UnitTests\Category.UnitTests\Category.UnitTests.csproj", "{12F77F75-AD62-4D5B-8577-7A1AE7136827}"
EndProject
Project("{2150E333-8FDC-42A3-9474-1A3956D46DE8}") = "Plugins", "Plugins", "{DFD4AD2C-CC62-4538-92D9-262CD58BABCE}"
EndProject
Project("{2150E333-8FDC-42A3-9474-1A3956D46DE8}") = "Generators", "Generators", "{8C7396E9-AD41-446D-81DE-565D6D3A669D}"
EndProject
Project("{FAE04EC0-301F-11D3-BF4B-00C04F79EFBC}") = "CygSoft.CodeCat.Plugins.SqlExtraction", "Components\CygSoft.CodeCat.Plugins.SqlExtraction\CygSoft.CodeCat.Plugins.SqlExtraction.csproj", "{CE92D630-9F91-4CC5-B88D-CEDA461AE0CA}"
EndProject
Project("{FAE04EC0-301F-11D3-BF4B-00C04F79EFBC}") = "CygSoft.CodeCat.Plugins.Generators", "Components\CygSoft.CodeCat.Plugins.Generators\CygSoft.CodeCat.Plugins.Generators.csproj", "{092EAAD6-CDC9-4893-86F5-6D6BE2F9D3DC}"
EndProject
Project("{FAE04EC0-301F-11D3-BF4B-00C04F79EFBC}") = "CygSoft.CodeCat.Plugins.ManualXess", "Components\CygSoft.CodeCat.Plugins.ManualXess\CygSoft.CodeCat.Plugins.ManualXess.csproj", "{FDB2FD77-BF50-4BDE-BAEE-1320530D8D92}"
EndProject
Project("{FAE04EC0-301F-11D3-BF4B-00C04F79EFBC}") = "CygSoft.CodeCat.PluginTests", "GuiTests\PluginTests\CygSoft.CodeCat.PluginTests.csproj", "{7E101281-FCFC-4615-854B-17314B41CAA4}"
EndProject
Project("{FAE04EC0-301F-11D3-BF4B-00C04F79EFBC}") = "CygSoft.CodeCat.Syntax.Infrastructure", "Components\CygSoft.CodeCat.Syntax.Infrastructure\CygSoft.CodeCat.Syntax.Infrastructure.csproj", "{65F6DB5B-43CD-439E-AFE9-D65B1CF58AE7}"
EndProject
Global
	GlobalSection(SolutionConfigurationPlatforms) = preSolution
		Debug|Any CPU = Debug|Any CPU
		Release|Any CPU = Release|Any CPU
	EndGlobalSection
	GlobalSection(ProjectConfigurationPlatforms) = postSolution
		{7A97514D-BB47-49AA-8785-260F355D6F96}.Debug|Any CPU.ActiveCfg = Debug|Any CPU
		{7A97514D-BB47-49AA-8785-260F355D6F96}.Debug|Any CPU.Build.0 = Debug|Any CPU
		{7A97514D-BB47-49AA-8785-260F355D6F96}.Release|Any CPU.ActiveCfg = Release|Any CPU
		{7A97514D-BB47-49AA-8785-260F355D6F96}.Release|Any CPU.Build.0 = Release|Any CPU
		{A75E419A-7DF9-466E-8F5A-351310672CE6}.Debug|Any CPU.ActiveCfg = Debug|Any CPU
		{A75E419A-7DF9-466E-8F5A-351310672CE6}.Debug|Any CPU.Build.0 = Debug|Any CPU
		{A75E419A-7DF9-466E-8F5A-351310672CE6}.Release|Any CPU.ActiveCfg = Release|Any CPU
		{A75E419A-7DF9-466E-8F5A-351310672CE6}.Release|Any CPU.Build.0 = Release|Any CPU
		{8C992A57-BCBF-4B78-9F69-C88A30E39963}.Debug|Any CPU.ActiveCfg = Debug|Any CPU
		{8C992A57-BCBF-4B78-9F69-C88A30E39963}.Debug|Any CPU.Build.0 = Debug|Any CPU
		{8C992A57-BCBF-4B78-9F69-C88A30E39963}.Release|Any CPU.ActiveCfg = Release|Any CPU
		{8C992A57-BCBF-4B78-9F69-C88A30E39963}.Release|Any CPU.Build.0 = Release|Any CPU
		{4FDD2CB6-3FFE-458B-A186-2C57375F4AC0}.Debug|Any CPU.ActiveCfg = Debug|Any CPU
		{4FDD2CB6-3FFE-458B-A186-2C57375F4AC0}.Debug|Any CPU.Build.0 = Debug|Any CPU
		{4FDD2CB6-3FFE-458B-A186-2C57375F4AC0}.Release|Any CPU.ActiveCfg = Release|Any CPU
		{4FDD2CB6-3FFE-458B-A186-2C57375F4AC0}.Release|Any CPU.Build.0 = Release|Any CPU
		{C908F626-1812-4119-B551-E14840100203}.Debug|Any CPU.ActiveCfg = Debug|Any CPU
		{C908F626-1812-4119-B551-E14840100203}.Debug|Any CPU.Build.0 = Debug|Any CPU
		{C908F626-1812-4119-B551-E14840100203}.Release|Any CPU.ActiveCfg = Release|Any CPU
		{C908F626-1812-4119-B551-E14840100203}.Release|Any CPU.Build.0 = Release|Any CPU
		{44368ACC-95E7-4BE0-ADE4-ABB8AAE9B9D0}.Debug|Any CPU.ActiveCfg = Debug|Any CPU
		{44368ACC-95E7-4BE0-ADE4-ABB8AAE9B9D0}.Debug|Any CPU.Build.0 = Debug|Any CPU
		{44368ACC-95E7-4BE0-ADE4-ABB8AAE9B9D0}.Release|Any CPU.ActiveCfg = Release|Any CPU
		{44368ACC-95E7-4BE0-ADE4-ABB8AAE9B9D0}.Release|Any CPU.Build.0 = Release|Any CPU
		{9D7E248A-E4EF-42DE-A624-9F18D827BA42}.Debug|Any CPU.ActiveCfg = Debug|Any CPU
		{9D7E248A-E4EF-42DE-A624-9F18D827BA42}.Debug|Any CPU.Build.0 = Debug|Any CPU
		{9D7E248A-E4EF-42DE-A624-9F18D827BA42}.Release|Any CPU.ActiveCfg = Release|Any CPU
		{9D7E248A-E4EF-42DE-A624-9F18D827BA42}.Release|Any CPU.Build.0 = Release|Any CPU
		{D3C89AA0-FD50-4D0E-9492-15EFD952958A}.Debug|Any CPU.ActiveCfg = Debug|Any CPU
		{D3C89AA0-FD50-4D0E-9492-15EFD952958A}.Debug|Any CPU.Build.0 = Debug|Any CPU
		{D3C89AA0-FD50-4D0E-9492-15EFD952958A}.Release|Any CPU.ActiveCfg = Release|Any CPU
		{D3C89AA0-FD50-4D0E-9492-15EFD952958A}.Release|Any CPU.Build.0 = Release|Any CPU
		{70BA46BA-7055-4E29-96A1-725A30B00B61}.Debug|Any CPU.ActiveCfg = Debug|Any CPU
		{70BA46BA-7055-4E29-96A1-725A30B00B61}.Debug|Any CPU.Build.0 = Debug|Any CPU
		{70BA46BA-7055-4E29-96A1-725A30B00B61}.Release|Any CPU.ActiveCfg = Release|Any CPU
		{70BA46BA-7055-4E29-96A1-725A30B00B61}.Release|Any CPU.Build.0 = Release|Any CPU
		{50A711A2-3C3C-4E2B-8BE6-466CE4AC6172}.Debug|Any CPU.ActiveCfg = Debug|Any CPU
		{50A711A2-3C3C-4E2B-8BE6-466CE4AC6172}.Debug|Any CPU.Build.0 = Debug|Any CPU
		{50A711A2-3C3C-4E2B-8BE6-466CE4AC6172}.Release|Any CPU.ActiveCfg = Release|Any CPU
		{50A711A2-3C3C-4E2B-8BE6-466CE4AC6172}.Release|Any CPU.Build.0 = Release|Any CPU
		{1A197477-07A4-4D30-9954-6EBEBD74B80A}.Debug|Any CPU.ActiveCfg = Debug|Any CPU
		{1A197477-07A4-4D30-9954-6EBEBD74B80A}.Debug|Any CPU.Build.0 = Debug|Any CPU
		{1A197477-07A4-4D30-9954-6EBEBD74B80A}.Release|Any CPU.ActiveCfg = Release|Any CPU
		{1A197477-07A4-4D30-9954-6EBEBD74B80A}.Release|Any CPU.Build.0 = Release|Any CPU
		{A6FDE996-91F8-4B8A-8285-E936CEB514A8}.Debug|Any CPU.ActiveCfg = Debug|Any CPU
		{A6FDE996-91F8-4B8A-8285-E936CEB514A8}.Debug|Any CPU.Build.0 = Debug|Any CPU
		{A6FDE996-91F8-4B8A-8285-E936CEB514A8}.Release|Any CPU.ActiveCfg = Release|Any CPU
		{A6FDE996-91F8-4B8A-8285-E936CEB514A8}.Release|Any CPU.Build.0 = Release|Any CPU
		{85779F58-8D0F-4513-964B-33FA767D26E9}.Debug|Any CPU.ActiveCfg = Debug|Any CPU
		{85779F58-8D0F-4513-964B-33FA767D26E9}.Debug|Any CPU.Build.0 = Debug|Any CPU
		{85779F58-8D0F-4513-964B-33FA767D26E9}.Release|Any CPU.ActiveCfg = Release|Any CPU
		{85779F58-8D0F-4513-964B-33FA767D26E9}.Release|Any CPU.Build.0 = Release|Any CPU
		{FADE2BF1-6916-457C-9B0C-442227C59E62}.Debug|Any CPU.ActiveCfg = Debug|Any CPU
		{FADE2BF1-6916-457C-9B0C-442227C59E62}.Debug|Any CPU.Build.0 = Debug|Any CPU
		{FADE2BF1-6916-457C-9B0C-442227C59E62}.Release|Any CPU.ActiveCfg = Release|Any CPU
		{FADE2BF1-6916-457C-9B0C-442227C59E62}.Release|Any CPU.Build.0 = Release|Any CPU
		{E73234B4-5BFA-40AD-B1FD-A35226CA0BB4}.Debug|Any CPU.ActiveCfg = Debug|Any CPU
		{E73234B4-5BFA-40AD-B1FD-A35226CA0BB4}.Debug|Any CPU.Build.0 = Debug|Any CPU
		{E73234B4-5BFA-40AD-B1FD-A35226CA0BB4}.Release|Any CPU.ActiveCfg = Release|Any CPU
		{E73234B4-5BFA-40AD-B1FD-A35226CA0BB4}.Release|Any CPU.Build.0 = Release|Any CPU
		{9FFC7814-DCEF-4723-9E4B-6B1154488E1B}.Debug|Any CPU.ActiveCfg = Debug|Any CPU
		{9FFC7814-DCEF-4723-9E4B-6B1154488E1B}.Debug|Any CPU.Build.0 = Debug|Any CPU
		{9FFC7814-DCEF-4723-9E4B-6B1154488E1B}.Release|Any CPU.ActiveCfg = Release|Any CPU
		{9FFC7814-DCEF-4723-9E4B-6B1154488E1B}.Release|Any CPU.Build.0 = Release|Any CPU
		{55960733-F2BB-4E2B-A97B-92E4DD529BE1}.Debug|Any CPU.ActiveCfg = Debug|Any CPU
		{55960733-F2BB-4E2B-A97B-92E4DD529BE1}.Debug|Any CPU.Build.0 = Debug|Any CPU
		{55960733-F2BB-4E2B-A97B-92E4DD529BE1}.Release|Any CPU.ActiveCfg = Release|Any CPU
		{55960733-F2BB-4E2B-A97B-92E4DD529BE1}.Release|Any CPU.Build.0 = Release|Any CPU
		{86A9F2C4-B07C-4045-AA88-80AAEDD5C5AC}.Debug|Any CPU.ActiveCfg = Debug|Any CPU
		{86A9F2C4-B07C-4045-AA88-80AAEDD5C5AC}.Debug|Any CPU.Build.0 = Debug|Any CPU
		{86A9F2C4-B07C-4045-AA88-80AAEDD5C5AC}.Release|Any CPU.ActiveCfg = Release|Any CPU
		{86A9F2C4-B07C-4045-AA88-80AAEDD5C5AC}.Release|Any CPU.Build.0 = Release|Any CPU
		{C538C066-2DA4-46C2-9E0B-0973B8711A1B}.Debug|Any CPU.ActiveCfg = Debug|Any CPU
		{C538C066-2DA4-46C2-9E0B-0973B8711A1B}.Debug|Any CPU.Build.0 = Debug|Any CPU
		{C538C066-2DA4-46C2-9E0B-0973B8711A1B}.Release|Any CPU.ActiveCfg = Release|Any CPU
		{C538C066-2DA4-46C2-9E0B-0973B8711A1B}.Release|Any CPU.Build.0 = Release|Any CPU
		{B89FFBD2-FBB3-40C2-BA43-CC793AC4F841}.Debug|Any CPU.ActiveCfg = Debug|Any CPU
		{B89FFBD2-FBB3-40C2-BA43-CC793AC4F841}.Debug|Any CPU.Build.0 = Debug|Any CPU
		{B89FFBD2-FBB3-40C2-BA43-CC793AC4F841}.Release|Any CPU.ActiveCfg = Release|Any CPU
		{B89FFBD2-FBB3-40C2-BA43-CC793AC4F841}.Release|Any CPU.Build.0 = Release|Any CPU
		{399DA6B8-255D-40D4-8BE6-E96B0870C664}.Debug|Any CPU.ActiveCfg = Debug|Any CPU
		{399DA6B8-255D-40D4-8BE6-E96B0870C664}.Debug|Any CPU.Build.0 = Debug|Any CPU
		{399DA6B8-255D-40D4-8BE6-E96B0870C664}.Release|Any CPU.ActiveCfg = Release|Any CPU
		{399DA6B8-255D-40D4-8BE6-E96B0870C664}.Release|Any CPU.Build.0 = Release|Any CPU
		{EBE3C549-DBDD-4D42-9A59-D0E529041ACE}.Debug|Any CPU.ActiveCfg = Debug|Any CPU
		{EBE3C549-DBDD-4D42-9A59-D0E529041ACE}.Debug|Any CPU.Build.0 = Debug|Any CPU
		{EBE3C549-DBDD-4D42-9A59-D0E529041ACE}.Release|Any CPU.ActiveCfg = Release|Any CPU
		{EBE3C549-DBDD-4D42-9A59-D0E529041ACE}.Release|Any CPU.Build.0 = Release|Any CPU
		{99C7DCC9-3B35-4CA5-98E7-9BBE72021634}.Debug|Any CPU.ActiveCfg = Debug|Any CPU
		{99C7DCC9-3B35-4CA5-98E7-9BBE72021634}.Debug|Any CPU.Build.0 = Debug|Any CPU
		{99C7DCC9-3B35-4CA5-98E7-9BBE72021634}.Release|Any CPU.ActiveCfg = Release|Any CPU
		{99C7DCC9-3B35-4CA5-98E7-9BBE72021634}.Release|Any CPU.Build.0 = Release|Any CPU
		{87A58FDC-D07C-4CC8-B553-2214D5AF00C1}.Debug|Any CPU.ActiveCfg = Debug|Any CPU
		{87A58FDC-D07C-4CC8-B553-2214D5AF00C1}.Debug|Any CPU.Build.0 = Debug|Any CPU
		{87A58FDC-D07C-4CC8-B553-2214D5AF00C1}.Release|Any CPU.ActiveCfg = Release|Any CPU
		{87A58FDC-D07C-4CC8-B553-2214D5AF00C1}.Release|Any CPU.Build.0 = Release|Any CPU
		{12F77F75-AD62-4D5B-8577-7A1AE7136827}.Debug|Any CPU.ActiveCfg = Debug|Any CPU
		{12F77F75-AD62-4D5B-8577-7A1AE7136827}.Debug|Any CPU.Build.0 = Debug|Any CPU
		{12F77F75-AD62-4D5B-8577-7A1AE7136827}.Release|Any CPU.ActiveCfg = Release|Any CPU
		{12F77F75-AD62-4D5B-8577-7A1AE7136827}.Release|Any CPU.Build.0 = Release|Any CPU
		{CE92D630-9F91-4CC5-B88D-CEDA461AE0CA}.Debug|Any CPU.ActiveCfg = Debug|Any CPU
		{CE92D630-9F91-4CC5-B88D-CEDA461AE0CA}.Debug|Any CPU.Build.0 = Debug|Any CPU
		{CE92D630-9F91-4CC5-B88D-CEDA461AE0CA}.Release|Any CPU.ActiveCfg = Release|Any CPU
		{CE92D630-9F91-4CC5-B88D-CEDA461AE0CA}.Release|Any CPU.Build.0 = Release|Any CPU
		{092EAAD6-CDC9-4893-86F5-6D6BE2F9D3DC}.Debug|Any CPU.ActiveCfg = Debug|Any CPU
		{092EAAD6-CDC9-4893-86F5-6D6BE2F9D3DC}.Debug|Any CPU.Build.0 = Debug|Any CPU
		{092EAAD6-CDC9-4893-86F5-6D6BE2F9D3DC}.Release|Any CPU.ActiveCfg = Release|Any CPU
		{092EAAD6-CDC9-4893-86F5-6D6BE2F9D3DC}.Release|Any CPU.Build.0 = Release|Any CPU
		{FDB2FD77-BF50-4BDE-BAEE-1320530D8D92}.Debug|Any CPU.ActiveCfg = Debug|Any CPU
		{FDB2FD77-BF50-4BDE-BAEE-1320530D8D92}.Debug|Any CPU.Build.0 = Debug|Any CPU
		{FDB2FD77-BF50-4BDE-BAEE-1320530D8D92}.Release|Any CPU.ActiveCfg = Release|Any CPU
		{FDB2FD77-BF50-4BDE-BAEE-1320530D8D92}.Release|Any CPU.Build.0 = Release|Any CPU
		{7E101281-FCFC-4615-854B-17314B41CAA4}.Debug|Any CPU.ActiveCfg = Debug|Any CPU
		{7E101281-FCFC-4615-854B-17314B41CAA4}.Debug|Any CPU.Build.0 = Debug|Any CPU
		{7E101281-FCFC-4615-854B-17314B41CAA4}.Release|Any CPU.ActiveCfg = Release|Any CPU
		{7E101281-FCFC-4615-854B-17314B41CAA4}.Release|Any CPU.Build.0 = Release|Any CPU
		{65F6DB5B-43CD-439E-AFE9-D65B1CF58AE7}.Debug|Any CPU.ActiveCfg = Debug|Any CPU
		{65F6DB5B-43CD-439E-AFE9-D65B1CF58AE7}.Debug|Any CPU.Build.0 = Debug|Any CPU
		{65F6DB5B-43CD-439E-AFE9-D65B1CF58AE7}.Release|Any CPU.ActiveCfg = Release|Any CPU
		{65F6DB5B-43CD-439E-AFE9-D65B1CF58AE7}.Release|Any CPU.Build.0 = Release|Any CPU
	EndGlobalSection
	GlobalSection(SolutionProperties) = preSolution
		HideSolutionNode = FALSE
	EndGlobalSection
	GlobalSection(NestedProjects) = preSolution
		{1A197477-07A4-4D30-9954-6EBEBD74B80A} = {A78E1C5A-3EC8-40B0-9CAA-ADFE337FF541}
		{A6FDE996-91F8-4B8A-8285-E936CEB514A8} = {A78E1C5A-3EC8-40B0-9CAA-ADFE337FF541}
		{85779F58-8D0F-4513-964B-33FA767D26E9} = {A78E1C5A-3EC8-40B0-9CAA-ADFE337FF541}
		{9FFC7814-DCEF-4723-9E4B-6B1154488E1B} = {7668CAC5-9C55-4AD7-B9B7-13959A294089}
		{55960733-F2BB-4E2B-A97B-92E4DD529BE1} = {A78E1C5A-3EC8-40B0-9CAA-ADFE337FF541}
		{86A9F2C4-B07C-4045-AA88-80AAEDD5C5AC} = {6D1C0340-24E8-421C-8002-14A99EB4EF01}
		{C538C066-2DA4-46C2-9E0B-0973B8711A1B} = {A78E1C5A-3EC8-40B0-9CAA-ADFE337FF541}
		{12F77F75-AD62-4D5B-8577-7A1AE7136827} = {A78E1C5A-3EC8-40B0-9CAA-ADFE337FF541}
		{8C7396E9-AD41-446D-81DE-565D6D3A669D} = {DFD4AD2C-CC62-4538-92D9-262CD58BABCE}
		{CE92D630-9F91-4CC5-B88D-CEDA461AE0CA} = {8C7396E9-AD41-446D-81DE-565D6D3A669D}
		{FDB2FD77-BF50-4BDE-BAEE-1320530D8D92} = {8C7396E9-AD41-446D-81DE-565D6D3A669D}
		{7E101281-FCFC-4615-854B-17314B41CAA4} = {6D1C0340-24E8-421C-8002-14A99EB4EF01}
	EndGlobalSection
EndGlobal
