
Microsoft Visual Studio Solution File, Format Version 12.00
# Visual Studio 14
VisualStudioVersion = 14.0.25420.1
MinimumVisualStudioVersion = 10.0.40219.1
Project("{FAE04EC0-301F-11D3-BF4B-00C04F79EFBC}") = "CygSoft.CodeCat.Domain", "Components\CygSoft.CodeCat.Domain\CygSoft.CodeCat.Domain.csproj", "{7A97514D-BB47-49AA-8785-260F355D6F96}"
EndProject
Project("{2150E333-8FDC-42A3-9474-1A3956D46DE8}") = "Solution Items", "Solution Items", "{7D7A9485-DD0E-48D1-9041-734EB15E3AFA}"
EndProject
Project("{FAE04EC0-301F-11D3-BF4B-00C04F79EFBC}") = "CygSoft.CodeCat.Search.KeywordIndex", "Components\CygSoft.CodeCat.SearchIndex\CygSoft.CodeCat.Search.KeywordIndex.csproj", "{A75E419A-7DF9-466E-8F5A-351310672CE6}"
EndProject
Project("{FAE04EC0-301F-11D3-BF4B-00C04F79EFBC}") = "CygSoft.CodeCat.Infrastructure", "Components\CygSoft.CodeCat.Infrastructure\CygSoft.CodeCat.Infrastructure.csproj", "{8C992A57-BCBF-4B78-9F69-C88A30E39963}"
EndProject
Project("{FAE04EC0-301F-11D3-BF4B-00C04F79EFBC}") = "CygSoft.CodeCat.UI.WinForms", "UI\WinForms\CygSoft.CodeCat.UI.WinForms\CygSoft.CodeCat.UI.WinForms.csproj", "{4FDD2CB6-3FFE-458B-A186-2C57375F4AC0}"
EndProject
Project("{FAE04EC0-301F-11D3-BF4B-00C04F79EFBC}") = "CygSoft.CodeCat.ProjectConverter", "Components\CygSoft.CodeCat.ProjectConverter\CygSoft.CodeCat.ProjectConverter.csproj", "{C908F626-1812-4119-B551-E14840100203}"
EndProject
Project("{FAE04EC0-301F-11D3-BF4B-00C04F79EFBC}") = "Etier.IconHelper", "Components\Etier.IconHelper\Etier.IconHelper.csproj", "{44368ACC-95E7-4BE0-ADE4-ABB8AAE9B9D0}"
EndProject
Project("{FAE04EC0-301F-11D3-BF4B-00C04F79EFBC}") = "CygSoft.CodeCat.Search.KeywordIndex.Infrastructure", "Components\CygSoft.CodeCat.Infrastructure.Search.KeywordIndex\CygSoft.CodeCat.Search.KeywordIndex.Infrastructure.csproj", "{9D7E248A-E4EF-42DE-A624-9F18D827BA42}"
EndProject
Project("{FAE04EC0-301F-11D3-BF4B-00C04F79EFBC}") = "CygSoft.CodeCat.DocumentManager", "Components\CygSoft.CodeCat.DocumentManager\CygSoft.CodeCat.DocumentManager.csproj", "{D3C89AA0-FD50-4D0E-9492-15EFD952958A}"
EndProject
Project("{FAE04EC0-301F-11D3-BF4B-00C04F79EFBC}") = "CygSoft.CodeCat.DocumentManager.Infrastructure", "Components\CygSoft.CodeCat.DocumentManager.Infrastructure\CygSoft.CodeCat.DocumentManager.Infrastructure.csproj", "{70BA46BA-7055-4E29-96A1-725A30B00B61}"
EndProject
Project("{FAE04EC0-301F-11D3-BF4B-00C04F79EFBC}") = "CygSoft.CodeCat.UI.ProjectExporter", "UI\WinForms\CygSoft.CodeCat.UI.ProjectExporter\CygSoft.CodeCat.UI.ProjectExporter.csproj", "{50A711A2-3C3C-4E2B-8BE6-466CE4AC6172}"
EndProject
Project("{2150E333-8FDC-42A3-9474-1A3956D46DE8}") = "UnitTests", "UnitTests", "{A78E1C5A-3EC8-40B0-9CAA-ADFE337FF541}"
EndProject
Project("{FAE04EC0-301F-11D3-BF4B-00C04F79EFBC}") = "Search.KeywordIndex.UnitTests", "UnitTests\Search.KeywordIndex.UnitTests\Search.KeywordIndex.UnitTests.csproj", "{1A197477-07A4-4D30-9954-6EBEBD74B80A}"
EndProject
Global
	GlobalSection(SolutionConfigurationPlatforms) = preSolution
		Debug|Any CPU = Debug|Any CPU
		Release|Any CPU = Release|Any CPU
	EndGlobalSection
	GlobalSection(ProjectConfigurationPlatforms) = postSolution
		{7A97514D-BB47-49AA-8785-260F355D6F96}.Debug|Any CPU.ActiveCfg = Debug|Any CPU
		{7A97514D-BB47-49AA-8785-260F355D6F96}.Debug|Any CPU.Build.0 = Debug|Any CPU
		{7A97514D-BB47-49AA-8785-260F355D6F96}.Release|Any CPU.ActiveCfg = Release|Any CPU
		{7A97514D-BB47-49AA-8785-260F355D6F96}.Release|Any CPU.Build.0 = Release|Any CPU
		{A75E419A-7DF9-466E-8F5A-351310672CE6}.Debug|Any CPU.ActiveCfg = Debug|Any CPU
		{A75E419A-7DF9-466E-8F5A-351310672CE6}.Debug|Any CPU.Build.0 = Debug|Any CPU
		{A75E419A-7DF9-466E-8F5A-351310672CE6}.Release|Any CPU.ActiveCfg = Release|Any CPU
		{A75E419A-7DF9-466E-8F5A-351310672CE6}.Release|Any CPU.Build.0 = Release|Any CPU
		{8C992A57-BCBF-4B78-9F69-C88A30E39963}.Debug|Any CPU.ActiveCfg = Debug|Any CPU
		{8C992A57-BCBF-4B78-9F69-C88A30E39963}.Debug|Any CPU.Build.0 = Debug|Any CPU
		{8C992A57-BCBF-4B78-9F69-C88A30E39963}.Release|Any CPU.ActiveCfg = Release|Any CPU
		{8C992A57-BCBF-4B78-9F69-C88A30E39963}.Release|Any CPU.Build.0 = Release|Any CPU
		{4FDD2CB6-3FFE-458B-A186-2C57375F4AC0}.Debug|Any CPU.ActiveCfg = Debug|Any CPU
		{4FDD2CB6-3FFE-458B-A186-2C57375F4AC0}.Debug|Any CPU.Build.0 = Debug|Any CPU
		{4FDD2CB6-3FFE-458B-A186-2C57375F4AC0}.Release|Any CPU.ActiveCfg = Release|Any CPU
		{4FDD2CB6-3FFE-458B-A186-2C57375F4AC0}.Release|Any CPU.Build.0 = Release|Any CPU
		{C908F626-1812-4119-B551-E14840100203}.Debug|Any CPU.ActiveCfg = Debug|Any CPU
		{C908F626-1812-4119-B551-E14840100203}.Debug|Any CPU.Build.0 = Debug|Any CPU
		{C908F626-1812-4119-B551-E14840100203}.Release|Any CPU.ActiveCfg = Release|Any CPU
		{C908F626-1812-4119-B551-E14840100203}.Release|Any CPU.Build.0 = Release|Any CPU
		{44368ACC-95E7-4BE0-ADE4-ABB8AAE9B9D0}.Debug|Any CPU.ActiveCfg = Debug|Any CPU
		{44368ACC-95E7-4BE0-ADE4-ABB8AAE9B9D0}.Debug|Any CPU.Build.0 = Debug|Any CPU
		{44368ACC-95E7-4BE0-ADE4-ABB8AAE9B9D0}.Release|Any CPU.ActiveCfg = Release|Any CPU
		{44368ACC-95E7-4BE0-ADE4-ABB8AAE9B9D0}.Release|Any CPU.Build.0 = Release|Any CPU
		{9D7E248A-E4EF-42DE-A624-9F18D827BA42}.Debug|Any CPU.ActiveCfg = Debug|Any CPU
		{9D7E248A-E4EF-42DE-A624-9F18D827BA42}.Debug|Any CPU.Build.0 = Debug|Any CPU
		{9D7E248A-E4EF-42DE-A624-9F18D827BA42}.Release|Any CPU.ActiveCfg = Release|Any CPU
		{9D7E248A-E4EF-42DE-A624-9F18D827BA42}.Release|Any CPU.Build.0 = Release|Any CPU
		{D3C89AA0-FD50-4D0E-9492-15EFD952958A}.Debug|Any CPU.ActiveCfg = Debug|Any CPU
		{D3C89AA0-FD50-4D0E-9492-15EFD952958A}.Debug|Any CPU.Build.0 = Debug|Any CPU
		{D3C89AA0-FD50-4D0E-9492-15EFD952958A}.Release|Any CPU.ActiveCfg = Release|Any CPU
		{D3C89AA0-FD50-4D0E-9492-15EFD952958A}.Release|Any CPU.Build.0 = Release|Any CPU
		{70BA46BA-7055-4E29-96A1-725A30B00B61}.Debug|Any CPU.ActiveCfg = Debug|Any CPU
		{70BA46BA-7055-4E29-96A1-725A30B00B61}.Debug|Any CPU.Build.0 = Debug|Any CPU
		{70BA46BA-7055-4E29-96A1-725A30B00B61}.Release|Any CPU.ActiveCfg = Release|Any CPU
		{70BA46BA-7055-4E29-96A1-725A30B00B61}.Release|Any CPU.Build.0 = Release|Any CPU
		{50A711A2-3C3C-4E2B-8BE6-466CE4AC6172}.Debug|Any CPU.ActiveCfg = Debug|Any CPU
		{50A711A2-3C3C-4E2B-8BE6-466CE4AC6172}.Debug|Any CPU.Build.0 = Debug|Any CPU
		{50A711A2-3C3C-4E2B-8BE6-466CE4AC6172}.Release|Any CPU.ActiveCfg = Release|Any CPU
		{50A711A2-3C3C-4E2B-8BE6-466CE4AC6172}.Release|Any CPU.Build.0 = Release|Any CPU
		{1A197477-07A4-4D30-9954-6EBEBD74B80A}.Debug|Any CPU.ActiveCfg = Debug|Any CPU
		{1A197477-07A4-4D30-9954-6EBEBD74B80A}.Debug|Any CPU.Build.0 = Debug|Any CPU
		{1A197477-07A4-4D30-9954-6EBEBD74B80A}.Release|Any CPU.ActiveCfg = Release|Any CPU
		{1A197477-07A4-4D30-9954-6EBEBD74B80A}.Release|Any CPU.Build.0 = Release|Any CPU
	EndGlobalSection
	GlobalSection(SolutionProperties) = preSolution
		HideSolutionNode = FALSE
	EndGlobalSection
	GlobalSection(NestedProjects) = preSolution
		{1A197477-07A4-4D30-9954-6EBEBD74B80A} = {A78E1C5A-3EC8-40B0-9CAA-ADFE337FF541}
	EndGlobalSection
EndGlobal
