
Microsoft Visual Studio Solution File, Format Version 12.00
# Visual Studio 14
VisualStudioVersion = 14.0.25420.1
MinimumVisualStudioVersion = 10.0.40219.1
Project("{FAE04EC0-301F-11D3-BF4B-00C04F79EFBC}") = "WpfToolKit_ProtoType", "WpfToolKit_ProtoType\WpfToolKit_ProtoType.csproj", "{0D9DD512-DA93-4886-8CD1-75CD0853F197}"
EndProject
Project("{FAE04EC0-301F-11D3-BF4B-00C04F79EFBC}") = "DockGui", "DockGui\DockGui.csproj", "{01904385-6D20-480C-8C93-48E5159C6943}"
EndProject
Global
	GlobalSection(SolutionConfigurationPlatforms) = preSolution
		Debug|Any CPU = Debug|Any CPU
		Release|Any CPU = Release|Any CPU
	EndGlobalSection
	GlobalSection(ProjectConfigurationPlatforms) = postSolution
		{0D9DD512-DA93-4886-8CD1-75CD0853F197}.Debug|Any CPU.ActiveCfg = Debug|Any CPU
		{0D9DD512-DA93-4886-8CD1-75CD0853F197}.Debug|Any CPU.Build.0 = Debug|Any CPU
		{0D9DD512-DA93-4886-8CD1-75CD0853F197}.Release|Any CPU.ActiveCfg = Release|Any CPU
		{0D9DD512-DA93-4886-8CD1-75CD0853F197}.Release|Any CPU.Build.0 = Release|Any CPU
		{01904385-6D20-480C-8C93-48E5159C6943}.Debug|Any CPU.ActiveCfg = Debug|Any CPU
		{01904385-6D20-480C-8C93-48E5159C6943}.Debug|Any CPU.Build.0 = Debug|Any CPU
		{01904385-6D20-480C-8C93-48E5159C6943}.Release|Any CPU.ActiveCfg = Release|Any CPU
		{01904385-6D20-480C-8C93-48E5159C6943}.Release|Any CPU.Build.0 = Release|Any CPU
	EndGlobalSection
	GlobalSection(SolutionProperties) = preSolution
		HideSolutionNode = FALSE
	EndGlobalSection
EndGlobal
